
Microsoft Visual Studio Solution File, Format Version 12.00
# Visual Studio Version 17
VisualStudioVersion = 17.4.33213.308
MinimumVisualStudioVersion = 10.0.40219.1
Project("{FAE04EC0-301F-11D3-BF4B-00C04F79EFBC}") = "TestKeyCloak", "TestKeyCloak\TestKeyCloak.csproj", "{836DB031-2E2A-4AD7-96A3-3945AA7A1936}"
EndProject
Project("{9A19103F-16F7-4668-BE54-9A1E7A4F7556}") = "Keycloak.AuthServices.Authentication", "..\..\..\..\A819469\Downloads\keycloak\keycloak-authorization-services-dotnet-main\src\Keycloak.AuthServices.Authentication\Keycloak.AuthServices.Authentication.csproj", "{FE8E0FA9-7807-40AA-BED2-B70B8E4A173E}"
EndProject
Project("{9A19103F-16F7-4668-BE54-9A1E7A4F7556}") = "Keycloak.AuthServices.Common", "..\..\..\..\A819469\Downloads\keycloak\keycloak-authorization-services-dotnet-main\src\Keycloak.AuthServices.Common\Keycloak.AuthServices.Common.csproj", "{89153FB2-178E-4CED-A544-10A8D97B66CD}"
EndProject
Project("{9A19103F-16F7-4668-BE54-9A1E7A4F7556}") = "Keycloak.AuthServices.Sdk", "..\..\..\..\A819469\Downloads\keycloak\keycloak-authorization-services-dotnet-main\src\Keycloak.AuthServices.Sdk\Keycloak.AuthServices.Sdk.csproj", "{1C7329D5-232C-4E02-A46A-4F330B5075BC}"
EndProject
Project("{9A19103F-16F7-4668-BE54-9A1E7A4F7556}") = "Keycloak.AuthServices.Authorization", "..\..\..\..\A819469\Downloads\keycloak\keycloak-authorization-services-dotnet-main\src\Keycloak.AuthServices.Authorization\Keycloak.AuthServices.Authorization.csproj", "{C2A1DB21-2F43-4E34-A7DF-3E80DA37833B}"
EndProject
Global
	GlobalSection(SolutionConfigurationPlatforms) = preSolution
		Debug|Any CPU = Debug|Any CPU
		Release|Any CPU = Release|Any CPU
	EndGlobalSection
	GlobalSection(ProjectConfigurationPlatforms) = postSolution
		{836DB031-2E2A-4AD7-96A3-3945AA7A1936}.Debug|Any CPU.ActiveCfg = Debug|Any CPU
		{836DB031-2E2A-4AD7-96A3-3945AA7A1936}.Debug|Any CPU.Build.0 = Debug|Any CPU
		{836DB031-2E2A-4AD7-96A3-3945AA7A1936}.Release|Any CPU.ActiveCfg = Release|Any CPU
		{836DB031-2E2A-4AD7-96A3-3945AA7A1936}.Release|Any CPU.Build.0 = Release|Any CPU
		{FE8E0FA9-7807-40AA-BED2-B70B8E4A173E}.Debug|Any CPU.ActiveCfg = Debug|Any CPU
		{FE8E0FA9-7807-40AA-BED2-B70B8E4A173E}.Debug|Any CPU.Build.0 = Debug|Any CPU
		{FE8E0FA9-7807-40AA-BED2-B70B8E4A173E}.Release|Any CPU.ActiveCfg = Release|Any CPU
		{FE8E0FA9-7807-40AA-BED2-B70B8E4A173E}.Release|Any CPU.Build.0 = Release|Any CPU
		{89153FB2-178E-4CED-A544-10A8D97B66CD}.Debug|Any CPU.ActiveCfg = Debug|Any CPU
		{89153FB2-178E-4CED-A544-10A8D97B66CD}.Debug|Any CPU.Build.0 = Debug|Any CPU
		{89153FB2-178E-4CED-A544-10A8D97B66CD}.Release|Any CPU.ActiveCfg = Release|Any CPU
		{89153FB2-178E-4CED-A544-10A8D97B66CD}.Release|Any CPU.Build.0 = Release|Any CPU
		{1C7329D5-232C-4E02-A46A-4F330B5075BC}.Debug|Any CPU.ActiveCfg = Debug|Any CPU
		{1C7329D5-232C-4E02-A46A-4F330B5075BC}.Debug|Any CPU.Build.0 = Debug|Any CPU
		{1C7329D5-232C-4E02-A46A-4F330B5075BC}.Release|Any CPU.ActiveCfg = Release|Any CPU
		{1C7329D5-232C-4E02-A46A-4F330B5075BC}.Release|Any CPU.Build.0 = Release|Any CPU
		{C2A1DB21-2F43-4E34-A7DF-3E80DA37833B}.Debug|Any CPU.ActiveCfg = Debug|Any CPU
		{C2A1DB21-2F43-4E34-A7DF-3E80DA37833B}.Debug|Any CPU.Build.0 = Debug|Any CPU
		{C2A1DB21-2F43-4E34-A7DF-3E80DA37833B}.Release|Any CPU.ActiveCfg = Release|Any CPU
		{C2A1DB21-2F43-4E34-A7DF-3E80DA37833B}.Release|Any CPU.Build.0 = Release|Any CPU
	EndGlobalSection
	GlobalSection(SolutionProperties) = preSolution
		HideSolutionNode = FALSE
	EndGlobalSection
	GlobalSection(ExtensibilityGlobals) = postSolution
		SolutionGuid = {DCB1E9B2-FD42-4C00-A07B-A8F310A546ED}
	EndGlobalSection
EndGlobal
