
Microsoft Visual Studio Solution File, Format Version 12.00
# Visual Studio Version 17
VisualStudioVersion = 17.4.33213.308
MinimumVisualStudioVersion = 10.0.40219.1
Project("{9A19103F-16F7-4668-BE54-9A1E7A4F7556}") = "TestKeyCloak", "TestKeyCloak\TestKeyCloak.csproj", "{836DB031-2E2A-4AD7-96A3-3945AA7A1936}"
EndProject
Project("{9A19103F-16F7-4668-BE54-9A1E7A4F7556}") = "Keycloak.AuthServices.Authentication", "..\..\..\..\A819469\Downloads\keycloak\keycloak-authorization-services-dotnet-main\src\Keycloak.AuthServices.Authentication\Keycloak.AuthServices.Authentication.csproj", "{AB8E3FAA-A534-4EE7-9409-7FF52BFB250F}"
EndProject
Project("{9A19103F-16F7-4668-BE54-9A1E7A4F7556}") = "Keycloak.AuthServices.Authorization", "..\..\..\..\A819469\Downloads\keycloak\keycloak-authorization-services-dotnet-main\src\Keycloak.AuthServices.Authorization\Keycloak.AuthServices.Authorization.csproj", "{97EE9F38-F68D-400F-B34F-B54AC63A8CB3}"
EndProject
Project("{9A19103F-16F7-4668-BE54-9A1E7A4F7556}") = "Keycloak.AuthServices.Common", "..\..\..\..\A819469\Downloads\keycloak\keycloak-authorization-services-dotnet-main\src\Keycloak.AuthServices.Common\Keycloak.AuthServices.Common.csproj", "{600716DB-7DBA-40F7-9B40-B1B3F0C8561D}"
EndProject
Project("{9A19103F-16F7-4668-BE54-9A1E7A4F7556}") = "Keycloak.AuthServices.Sdk", "..\..\..\..\A819469\Downloads\keycloak\keycloak-authorization-services-dotnet-main\src\Keycloak.AuthServices.Sdk\Keycloak.AuthServices.Sdk.csproj", "{48E11B45-F980-4826-B1E1-5BEB7A835315}"
EndProject
Global
	GlobalSection(SolutionConfigurationPlatforms) = preSolution
		Debug|Any CPU = Debug|Any CPU
		Release|Any CPU = Release|Any CPU
	EndGlobalSection
	GlobalSection(ProjectConfigurationPlatforms) = postSolution
		{836DB031-2E2A-4AD7-96A3-3945AA7A1936}.Debug|Any CPU.ActiveCfg = Debug|Any CPU
		{836DB031-2E2A-4AD7-96A3-3945AA7A1936}.Debug|Any CPU.Build.0 = Debug|Any CPU
		{836DB031-2E2A-4AD7-96A3-3945AA7A1936}.Release|Any CPU.ActiveCfg = Release|Any CPU
		{836DB031-2E2A-4AD7-96A3-3945AA7A1936}.Release|Any CPU.Build.0 = Release|Any CPU
		{AB8E3FAA-A534-4EE7-9409-7FF52BFB250F}.Debug|Any CPU.ActiveCfg = Debug|Any CPU
		{AB8E3FAA-A534-4EE7-9409-7FF52BFB250F}.Debug|Any CPU.Build.0 = Debug|Any CPU
		{AB8E3FAA-A534-4EE7-9409-7FF52BFB250F}.Release|Any CPU.ActiveCfg = Release|Any CPU
		{AB8E3FAA-A534-4EE7-9409-7FF52BFB250F}.Release|Any CPU.Build.0 = Release|Any CPU
		{97EE9F38-F68D-400F-B34F-B54AC63A8CB3}.Debug|Any CPU.ActiveCfg = Debug|Any CPU
		{97EE9F38-F68D-400F-B34F-B54AC63A8CB3}.Debug|Any CPU.Build.0 = Debug|Any CPU
		{97EE9F38-F68D-400F-B34F-B54AC63A8CB3}.Release|Any CPU.ActiveCfg = Release|Any CPU
		{97EE9F38-F68D-400F-B34F-B54AC63A8CB3}.Release|Any CPU.Build.0 = Release|Any CPU
		{600716DB-7DBA-40F7-9B40-B1B3F0C8561D}.Debug|Any CPU.ActiveCfg = Debug|Any CPU
		{600716DB-7DBA-40F7-9B40-B1B3F0C8561D}.Debug|Any CPU.Build.0 = Debug|Any CPU
		{600716DB-7DBA-40F7-9B40-B1B3F0C8561D}.Release|Any CPU.ActiveCfg = Release|Any CPU
		{600716DB-7DBA-40F7-9B40-B1B3F0C8561D}.Release|Any CPU.Build.0 = Release|Any CPU
		{48E11B45-F980-4826-B1E1-5BEB7A835315}.Debug|Any CPU.ActiveCfg = Debug|Any CPU
		{48E11B45-F980-4826-B1E1-5BEB7A835315}.Debug|Any CPU.Build.0 = Debug|Any CPU
		{48E11B45-F980-4826-B1E1-5BEB7A835315}.Release|Any CPU.ActiveCfg = Release|Any CPU
		{48E11B45-F980-4826-B1E1-5BEB7A835315}.Release|Any CPU.Build.0 = Release|Any CPU
	EndGlobalSection
	GlobalSection(SolutionProperties) = preSolution
		HideSolutionNode = FALSE
	EndGlobalSection
	GlobalSection(ExtensibilityGlobals) = postSolution
		SolutionGuid = {DCB1E9B2-FD42-4C00-A07B-A8F310A546ED}
	EndGlobalSection
EndGlobal
